// !$*UTF8*$!
{
	archiveVersion = 1;
	classes = {
	};
	objectVersion = 46;
	objects = {

/* Begin PBXBuildFile section */
		83507EA11F5029EF008E4273 /* AppDelegate.swift in Sources */ = {isa = PBXBuildFile; fileRef = 83507EA01F5029EF008E4273 /* AppDelegate.swift */; };
		83507EA31F5029F0008E4273 /* ViewController.swift in Sources */ = {isa = PBXBuildFile; fileRef = 83507EA21F5029F0008E4273 /* ViewController.swift */; };
		83507EA61F5029F0008E4273 /* Main.storyboard in Resources */ = {isa = PBXBuildFile; fileRef = 83507EA41F5029F0008E4273 /* Main.storyboard */; };
		83507EA81F5029F0008E4273 /* Assets.xcassets in Resources */ = {isa = PBXBuildFile; fileRef = 83507EA71F5029F0008E4273 /* Assets.xcassets */; };
		83507EAB1F5029F0008E4273 /* LaunchScreen.storyboard in Resources */ = {isa = PBXBuildFile; fileRef = 83507EA91F5029F0008E4273 /* LaunchScreen.storyboard */; };
		83507EB41F502A32008E4273 /* AWModel.swift in Sources */ = {isa = PBXBuildFile; fileRef = 83507EB21F502A32008E4273 /* AWModel.swift */; };
		83507EB51F502A32008E4273 /* AWUser.swift in Sources */ = {isa = PBXBuildFile; fileRef = 83507EB31F502A32008E4273 /* AWUser.swift */; };
/* End PBXBuildFile section */

/* Begin PBXFileReference section */
		83507E9D1F5029EF008E4273 /* SwiftUserModel.app */ = {isa = PBXFileReference; explicitFileType = wrapper.application; includeInIndex = 0; path = SwiftUserModel.app; sourceTree = BUILT_PRODUCTS_DIR; };
		83507EA01F5029EF008E4273 /* AppDelegate.swift */ = {isa = PBXFileReference; lastKnownFileType = sourcecode.swift; path = AppDelegate.swift; sourceTree = "<group>"; };
		83507EA21F5029F0008E4273 /* ViewController.swift */ = {isa = PBXFileReference; lastKnownFileType = sourcecode.swift; path = ViewController.swift; sourceTree = "<group>"; };
		83507EA51F5029F0008E4273 /* Base */ = {isa = PBXFileReference; lastKnownFileType = file.storyboard; name = Base; path = Base.lproj/Main.storyboard; sourceTree = "<group>"; };
		83507EA71F5029F0008E4273 /* Assets.xcassets */ = {isa = PBXFileReference; lastKnownFileType = folder.assetcatalog; path = Assets.xcassets; sourceTree = "<group>"; };
		83507EAA1F5029F0008E4273 /* Base */ = {isa = PBXFileReference; lastKnownFileType = file.storyboard; name = Base; path = Base.lproj/LaunchScreen.storyboard; sourceTree = "<group>"; };
		83507EAC1F5029F0008E4273 /* Info.plist */ = {isa = PBXFileReference; lastKnownFileType = text.plist.xml; path = Info.plist; sourceTree = "<group>"; };
		83507EB21F502A32008E4273 /* AWModel.swift */ = {isa = PBXFileReference; fileEncoding = 4; lastKnownFileType = sourcecode.swift; path = AWModel.swift; sourceTree = "<group>"; };
		83507EB31F502A32008E4273 /* AWUser.swift */ = {isa = PBXFileReference; fileEncoding = 4; lastKnownFileType = sourcecode.swift; path = AWUser.swift; sourceTree = "<group>"; };
/* End PBXFileReference section */

/* Begin PBXFrameworksBuildPhase section */
		83507E9A1F5029EF008E4273 /* Frameworks */ = {
			isa = PBXFrameworksBuildPhase;
			buildActionMask = 2147483647;
			files = (
			);
			runOnlyForDeploymentPostprocessing = 0;
		};
/* End PBXFrameworksBuildPhase section */

/* Begin PBXGroup section */
		83507E941F5029EF008E4273 = {
			isa = PBXGroup;
			children = (
				83507E9F1F5029EF008E4273 /* SwiftUserModel */,
				83507E9E1F5029EF008E4273 /* Products */,
			);
			sourceTree = "<group>";
		};
		83507E9E1F5029EF008E4273 /* Products */ = {
			isa = PBXGroup;
			children = (
				83507E9D1F5029EF008E4273 /* SwiftUserModel.app */,
			);
			name = Products;
			sourceTree = "<group>";
		};
		83507E9F1F5029EF008E4273 /* SwiftUserModel */ = {
			isa = PBXGroup;
			children = (
				83507EA01F5029EF008E4273 /* AppDelegate.swift */,
				83507EA21F5029F0008E4273 /* ViewController.swift */,
				83507EB21F502A32008E4273 /* AWModel.swift */,
				83507EB31F502A32008E4273 /* AWUser.swift */,
				83507EA41F5029F0008E4273 /* Main.storyboard */,
				83507EA71F5029F0008E4273 /* Assets.xcassets */,
				83507EA91F5029F0008E4273 /* LaunchScreen.storyboard */,
				83507EAC1F5029F0008E4273 /* Info.plist */,
			);
			path = SwiftUserModel;
			sourceTree = "<group>";
		};
/* End PBXGroup section */

/* Begin PBXNativeTarget section */
		83507E9C1F5029EF008E4273 /* SwiftUserModel */ = {
			isa = PBXNativeTarget;
			buildConfigurationList = 83507EAF1F5029F0008E4273 /* Build configuration list for PBXNativeTarget "SwiftUserModel" */;
			buildPhases = (
				83507E991F5029EF008E4273 /* Sources */,
				83507E9A1F5029EF008E4273 /* Frameworks */,
				83507E9B1F5029EF008E4273 /* Resources */,
			);
			buildRules = (
			);
			dependencies = (
			);
			name = SwiftUserModel;
			productName = SwiftUserModel;
			productReference = 83507E9D1F5029EF008E4273 /* SwiftUserModel.app */;
			productType = "com.apple.product-type.application";
		};
/* End PBXNativeTarget section */

/* Begin PBXProject section */
		83507E951F5029EF008E4273 /* Project object */ = {
			isa = PBXProject;
			attributes = {
				LastSwiftUpdateCheck = 0820;
				LastUpgradeCheck = 0820;
				ORGANIZATIONNAME = DYMK;
				TargetAttributes = {
					83507E9C1F5029EF008E4273 = {
						CreatedOnToolsVersion = 8.2;
						DevelopmentTeam = 72SMTT92G3;
						ProvisioningStyle = Automatic;
					};
				};
			};
			buildConfigurationList = 83507E981F5029EF008E4273 /* Build configuration list for PBXProject "SwiftUserModel" */;
			compatibilityVersion = "Xcode 3.2";
			developmentRegion = English;
			hasScannedForEncodings = 0;
			knownRegions = (
				en,
				Base,
			);
			mainGroup = 83507E941F5029EF008E4273;
			productRefGroup = 83507E9E1F5029EF008E4273 /* Products */;
			projectDirPath = "";
			projectRoot = "";
			targets = (
				83507E9C1F5029EF008E4273 /* SwiftUserModel */,
			);
		};
/* End PBXProject section */

/* Begin PBXResourcesBuildPhase section */
		83507E9B1F5029EF008E4273 /* Resources */ = {
			isa = PBXResourcesBuildPhase;
			buildActionMask = 2147483647;
			files = (
				83507EAB1F5029F0008E4273 /* LaunchScreen.storyboard in Resources */,
				83507EA81F5029F0008E4273 /* Assets.xcassets in Resources */,
				83507EA61F5029F0008E4273 /* Main.storyboard in Resources */,
			);
			runOnlyForDeploymentPostprocessing = 0;
		};
/* End PBXResourcesBuildPhase section */

/* Begin PBXSourcesBuildPhase section */
		83507E991F5029EF008E4273 /* Sources */ = {
			isa = PBXSourcesBuildPhase;
			buildActionMask = 2147483647;
			files = (
				83507EB41F502A32008E4273 /* AWModel.swift in Sources */,
				83507EA31F5029F0008E4273 /* ViewController.swift in Sources */,
				83507EB51F502A32008E4273 /* AWUser.swift in Sources */,
				83507EA11F5029EF008E4273 /* AppDelegate.swift in Sources */,
			);
			runOnlyForDeploymentPostprocessing = 0;
		};
/* End PBXSourcesBuildPhase section */

/* Begin PBXVariantGroup section */
		83507EA41F5029F0008E4273 /* Main.storyboard */ = {
			isa = PBXVariantGroup;
			children = (
				83507EA51F5029F0008E4273 /* Base */,
			);
			name = Main.storyboard;
			sourceTree = "<group>";
		};
		83507EA91F5029F0008E4273 /* LaunchScreen.storyboard */ = {
			isa = PBXVariantGroup;
			children = (
				83507EAA1F5029F0008E4273 /* Base */,
			);
			name = LaunchScreen.storyboard;
			sourceTree = "<group>";
		};
/* End PBXVariantGroup section */

/* Begin XCBuildConfiguration section */
		83507EAD1F5029F0008E4273 /* Debug */ = {
			isa = XCBuildConfiguration;
			buildSettings = {
				ALWAYS_SEARCH_USER_PATHS = NO;
				CLANG_ANALYZER_NONNULL = YES;
				CLANG_CXX_LANGUAGE_STANDARD = "gnu++0x";
				CLANG_CXX_LIBRARY = "libc++";
				CLANG_ENABLE_MODULES = YES;
				CLANG_ENABLE_OBJC_ARC = YES;
				CLANG_WARN_BOOL_CONVERSION = YES;
				CLANG_WARN_CONSTANT_CONVERSION = YES;
				CLANG_WARN_DIRECT_OBJC_ISA_USAGE = YES_ERROR;
				CLANG_WARN_DOCUMENTATION_COMMENTS = YES;
				CLANG_WARN_EMPTY_BODY = YES;
				CLANG_WARN_ENUM_CONVERSION = YES;
				CLANG_WARN_INFINITE_RECURSION = YES;
				CLANG_WARN_INT_CONVERSION = YES;
				CLANG_WARN_OBJC_ROOT_CLASS = YES_ERROR;
				CLANG_WARN_SUSPICIOUS_MOVE = YES;
				CLANG_WARN_UNREACHABLE_CODE = YES;
				CLANG_WARN__DUPLICATE_METHOD_MATCH = YES;
				"CODE_SIGN_IDENTITY[sdk=iphoneos*]" = "iPhone Developer";
				COPY_PHASE_STRIP = NO;
				DEBUG_INFORMATION_FORMAT = dwarf;
				ENABLE_STRICT_OBJC_MSGSEND = YES;
				ENABLE_TESTABILITY = YES;
				GCC_C_LANGUAGE_STANDARD = gnu99;
				GCC_DYNAMIC_NO_PIC = NO;
				GCC_NO_COMMON_BLOCKS = YES;
				GCC_OPTIMIZATION_LEVEL = 0;
				GCC_PREPROCESSOR_DEFINITIONS = (
					"DEBUG=1",
					"$(inherited)",
				);
				GCC_WARN_64_TO_32_BIT_CONVERSION = YES;
				GCC_WARN_ABOUT_RETURN_TYPE = YES_ERROR;
				GCC_WARN_UNDECLARED_SELECTOR = YES;
				GCC_WARN_UNINITIALIZED_AUTOS = YES_AGGRESSIVE;
				GCC_WARN_UNUSED_FUNCTION = YES;
				GCC_WARN_UNUSED_VARIABLE = YES;
				IPHONEOS_DEPLOYMENT_TARGET = 10.2;
				MTL_ENABLE_DEBUG_INFO = YES;
				ONLY_ACTIVE_ARCH = YES;
				SDKROOT = iphoneos;
				SWIFT_ACTIVE_COMPILATION_CONDITIONS = DEBUG;
				SWIFT_OPTIMIZATION_LEVEL = "-Onone";
			};
			name = Debug;
		};
		83507EAE1F5029F0008E4273 /* Release */ = {
			isa = XCBuildConfiguration;
			buildSettings = {
				ALWAYS_SEARCH_USER_PATHS = NO;
				CLANG_ANALYZER_NONNULL = YES;
				CLANG_CXX_LANGUAGE_STANDARD = "gnu++0x";
				CLANG_CXX_LIBRARY = "libc++";
				CLANG_ENABLE_MODULES = YES;
				CLANG_ENABLE_OBJC_ARC = YES;
				CLANG_WARN_BOOL_CONVERSION = YES;
				CLANG_WARN_CONSTANT_CONVERSION = YES;
				CLANG_WARN_DIRECT_OBJC_ISA_USAGE = YES_ERROR;
				CLANG_WARN_DOCUMENTATION_COMMENTS = YES;
				CLANG_WARN_EMPTY_BODY = YES;
				CLANG_WARN_ENUM_CONVERSION = YES;
				CLANG_WARN_INFINITE_RECURSION = YES;
				CLANG_WARN_INT_CONVERSION = YES;
				CLANG_WARN_OBJC_ROOT_CLASS = YES_ERROR;
				CLANG_WARN_SUSPICIOUS_MOVE = YES;
				CLANG_WARN_UNREACHABLE_CODE = YES;
				CLANG_WARN__DUPLICATE_METHOD_MATCH = YES;
				"CODE_SIGN_IDENTITY[sdk=iphoneos*]" = "iPhone Developer";
				COPY_PHASE_STRIP = NO;
				DEBUG_INFORMATION_FORMAT = "dwarf-with-dsym";
				ENABLE_NS_ASSERTIONS = NO;
				ENABLE_STRICT_OBJC_MSGSEND = YES;
				GCC_C_LANGUAGE_STANDARD = gnu99;
				GCC_NO_COMMON_BLOCKS = YES;
				GCC_WARN_64_TO_32_BIT_CONVERSION = YES;
				GCC_WARN_ABOUT_RETURN_TYPE = YES_ERROR;
				GCC_WARN_UNDECLARED_SELECTOR = YES;
				GCC_WARN_UNINITIALIZED_AUTOS = YES_AGGRESSIVE;
				GCC_WARN_UNUSED_FUNCTION = YES;
				GCC_WARN_UNUSED_VARIABLE = YES;
				IPHONEOS_DEPLOYMENT_TARGET = 10.2;
				MTL_ENABLE_DEBUG_INFO = NO;
				SDKROOT = iphoneos;
				SWIFT_OPTIMIZATION_LEVEL = "-Owholemodule";
				VALIDATE_PRODUCT = YES;
			};
			name = Release;
		};
		83507EB01F5029F0008E4273 /* Debug */ = {
			isa = XCBuildConfiguration;
			buildSettings = {
				ASSETCATALOG_COMPILER_APPICON_NAME = AppIcon;
				DEVELOPMENT_TEAM = 72SMTT92G3;
				INFOPLIST_FILE = SwiftUserModel/Info.plist;
				LD_RUNPATH_SEARCH_PATHS = "$(inherited) @executable_path/Frameworks";
				PRODUCT_BUNDLE_IDENTIFIER = com.DYMK.DYMK.SwiftUserModel;
				PRODUCT_NAME = "$(TARGET_NAME)";
				SWIFT_VERSION = 3.0;
			};
			name = Debug;
		};
		83507EB11F5029F0008E4273 /* Release */ = {
			isa = XCBuildConfiguration;
			buildSettings = {
				ASSETCATALOG_COMPILER_APPICON_NAME = AppIcon;
				DEVELOPMENT_TEAM = 72SMTT92G3;
				INFOPLIST_FILE = SwiftUserModel/Info.plist;
				LD_RUNPATH_SEARCH_PATHS = "$(inherited) @executable_path/Frameworks";
				PRODUCT_BUNDLE_IDENTIFIER = com.DYMK.DYMK.SwiftUserModel;
				PRODUCT_NAME = "$(TARGET_NAME)";
				SWIFT_VERSION = 3.0;
			};
			name = Release;
		};
/* End XCBuildConfiguration section */

/* Begin XCConfigurationList section */
		83507E981F5029EF008E4273 /* Build configuration list for PBXProject "SwiftUserModel" */ = {
			isa = XCConfigurationList;
			buildConfigurations = (
				83507EAD1F5029F0008E4273 /* Debug */,
				83507EAE1F5029F0008E4273 /* Release */,
			);
			defaultConfigurationIsVisible = 0;
			defaultConfigurationName = Release;
		};
		83507EAF1F5029F0008E4273 /* Build configuration list for PBXNativeTarget "SwiftUserModel" */ = {
			isa = XCConfigurationList;
			buildConfigurations = (
				83507EB01F5029F0008E4273 /* Debug */,
				83507EB11F5029F0008E4273 /* Release */,
			);
			defaultConfigurationIsVisible = 0;
		};
/* End XCConfigurationList section */
	};
	rootObject = 83507E951F5029EF008E4273 /* Project object */;
}
